
Microsoft Visual Studio Solution File, Format Version 12.00
# Visual Studio 15
VisualStudioVersion = 15.0.27428.2015
MinimumVisualStudioVersion = 10.0.40219.1
Project("{FAE04EC0-301F-11D3-BF4B-00C04F79EFBC}") = "AnalogClock", "AnalogClock\AnalogClock.csproj", "{CD7D568C-9E94-47C8-BFDA-20A5703CC18D}"
EndProject
Global
	GlobalSection(SolutionConfigurationPlatforms) = preSolution
		Debug|Any CPU = Debug|Any CPU
		Release|Any CPU = Release|Any CPU
	EndGlobalSection
	GlobalSection(ProjectConfigurationPlatforms) = postSolution
		{CD7D568C-9E94-47C8-BFDA-20A5703CC18D}.Debug|Any CPU.ActiveCfg = Debug|Any CPU
		{CD7D568C-9E94-47C8-BFDA-20A5703CC18D}.Debug|Any CPU.Build.0 = Debug|Any CPU
		{CD7D568C-9E94-47C8-BFDA-20A5703CC18D}.Release|Any CPU.ActiveCfg = Release|Any CPU
		{CD7D568C-9E94-47C8-BFDA-20A5703CC18D}.Release|Any CPU.Build.0 = Release|Any CPU
	EndGlobalSection
	GlobalSection(SolutionProperties) = preSolution
		HideSolutionNode = FALSE
	EndGlobalSection
	GlobalSection(ExtensibilityGlobals) = postSolution
		SolutionGuid = {7C473454-B90F-460B-9A28-203401139D3B}
	EndGlobalSection
EndGlobal
